
Microsoft Visual Studio Solution File, Format Version 12.00
# Visual Studio 14
VisualStudioVersion = 14.0.25420.1
MinimumVisualStudioVersion = 10.0.40219.1
Project("{FAE04EC0-301F-11D3-BF4B-00C04F79EFBC}") = "WebAPI", "WebAPI\WebAPI.csproj", "{7ACFF0D8-7D5A-423A-A720-7A330D849B1F}"
EndProject
Project("{FAE04EC0-301F-11D3-BF4B-00C04F79EFBC}") = "WebAPI.Tests", "WebAPI.Tests\WebAPI.Tests.csproj", "{CE1875E0-B3CE-4F48-8F4B-0145AA56503B}"
EndProject
Project("{2150E333-8FDC-42A3-9474-1A3956D46DE8}") = "1.Presentation", "1.Presentation", "{742E3E0A-B7E1-4228-B173-72787EA95607}"
EndProject
Project("{2150E333-8FDC-42A3-9474-1A3956D46DE8}") = "0.Testing", "0.Testing", "{2C1C507B-A2BC-4816-BBEA-851CA48D79CE}"
EndProject
Project("{2150E333-8FDC-42A3-9474-1A3956D46DE8}") = "2.Application", "2.Application", "{249C4314-5032-4F40-9680-8640E67D5CFD}"
EndProject
Project("{2150E333-8FDC-42A3-9474-1A3956D46DE8}") = "3.Domain", "3.Domain", "{129DD218-D0FA-4613-B99A-308E6B2866F4}"
EndProject
Project("{2150E333-8FDC-42A3-9474-1A3956D46DE8}") = "4.Infraestructure", "4.Infraestructure", "{1333D537-D398-478A-8958-450B332C463B}"
EndProject
Project("{FAE04EC0-301F-11D3-BF4B-00C04F79EFBC}") = "WebAPI.Service.Application", "WebAPI.Servicio.Aplicacion\WebAPI.Service.Application.csproj", "{88457550-600A-4135-ADDB-C87955DDDCB7}"
EndProject
Project("{FAE04EC0-301F-11D3-BF4B-00C04F79EFBC}") = "WebAPI.Domain", "WebAPI.Dominio\WebAPI.Domain.csproj", "{BD76054D-D26E-484B-86B4-2A6080195DE8}"
EndProject
Project("{FAE04EC0-301F-11D3-BF4B-00C04F79EFBC}") = "WebAPI.Bd", "WebAPI.Bd\WebAPI.Bd.csproj", "{1A9F78F7-830E-4182-A81F-1D2CBC66947C}"
EndProject
Global
	GlobalSection(SolutionConfigurationPlatforms) = preSolution
		Debug|Any CPU = Debug|Any CPU
		GR-SERVERDEMOS.Affinity|Any CPU = GR-SERVERDEMOS.Affinity|Any CPU
		GR-SERVERDEMOS.AlsaPlus|Any CPU = GR-SERVERDEMOS.AlsaPlus|Any CPU
		GR-SERVERDEMOS.ClubVips|Any CPU = GR-SERVERDEMOS.ClubVips|Any CPU
		GR-SERVERDEMOS.FundGrube|Any CPU = GR-SERVERDEMOS.FundGrube|Any CPU
		GR-SERVERDEMOS.GrupoGea|Any CPU = GR-SERVERDEMOS.GrupoGea|Any CPU
		GR-SERVERDEMOS.Ing|Any CPU = GR-SERVERDEMOS.Ing|Any CPU
		GR-SERVERDEMOS.LittleKings|Any CPU = GR-SERVERDEMOS.LittleKings|Any CPU
		GR-SERVERDEMOS.Mercadona|Any CPU = GR-SERVERDEMOS.Mercadona|Any CPU
		GR-SERVERDEMOS.TravelClub|Any CPU = GR-SERVERDEMOS.TravelClub|Any CPU
		GR-SERVERDEMOS.VisaCompras|Any CPU = GR-SERVERDEMOS.VisaCompras|Any CPU
		GR-SERVERDEMOS.VisaConsum|Any CPU = GR-SERVERDEMOS.VisaConsum|Any CPU
		GR-SERVERDEMOS|Any CPU = GR-SERVERDEMOS|Any CPU
		GR-SERVERDESA.Affinity|Any CPU = GR-SERVERDESA.Affinity|Any CPU
		GR-SERVERDESA.AlsaPlus|Any CPU = GR-SERVERDESA.AlsaPlus|Any CPU
		GR-SERVERDESA.Cinesa|Any CPU = GR-SERVERDESA.Cinesa|Any CPU
		GR-SERVERDESA.ClubVips|Any CPU = GR-SERVERDESA.ClubVips|Any CPU
		GR-SERVERDESA.FundGrube|Any CPU = GR-SERVERDESA.FundGrube|Any CPU
		GR-SERVERDESA.GrupoGea|Any CPU = GR-SERVERDESA.GrupoGea|Any CPU
		GR-SERVERDESA.Ing|Any CPU = GR-SERVERDESA.Ing|Any CPU
		GR-SERVERDESA.LittleKings|Any CPU = GR-SERVERDESA.LittleKings|Any CPU
		GR-SERVERDESA.LudiaARQ|Any CPU = GR-SERVERDESA.LudiaARQ|Any CPU
		GR-SERVERDESA.Mercadona|Any CPU = GR-SERVERDESA.Mercadona|Any CPU
		GR-SERVERDESA.TravelClub|Any CPU = GR-SERVERDESA.TravelClub|Any CPU
		GR-SERVERDESA.VisaCompras|Any CPU = GR-SERVERDESA.VisaCompras|Any CPU
		GR-SERVERDESA.VisaConsum|Any CPU = GR-SERVERDESA.VisaConsum|Any CPU
		GR-SERVERDESA|Any CPU = GR-SERVERDESA|Any CPU
		Release|Any CPU = Release|Any CPU
	EndGlobalSection
	GlobalSection(ProjectConfigurationPlatforms) = postSolution
		{7ACFF0D8-7D5A-423A-A720-7A330D849B1F}.Debug|Any CPU.ActiveCfg = Debug|Any CPU
		{7ACFF0D8-7D5A-423A-A720-7A330D849B1F}.Debug|Any CPU.Build.0 = Debug|Any CPU
		{7ACFF0D8-7D5A-423A-A720-7A330D849B1F}.GR-SERVERDEMOS.Affinity|Any CPU.ActiveCfg = Release|Any CPU
		{7ACFF0D8-7D5A-423A-A720-7A330D849B1F}.GR-SERVERDEMOS.Affinity|Any CPU.Build.0 = Release|Any CPU
		{7ACFF0D8-7D5A-423A-A720-7A330D849B1F}.GR-SERVERDEMOS.AlsaPlus|Any CPU.ActiveCfg = Release|Any CPU
		{7ACFF0D8-7D5A-423A-A720-7A330D849B1F}.GR-SERVERDEMOS.AlsaPlus|Any CPU.Build.0 = Release|Any CPU
		{7ACFF0D8-7D5A-423A-A720-7A330D849B1F}.GR-SERVERDEMOS.ClubVips|Any CPU.ActiveCfg = Release|Any CPU
		{7ACFF0D8-7D5A-423A-A720-7A330D849B1F}.GR-SERVERDEMOS.ClubVips|Any CPU.Build.0 = Release|Any CPU
		{7ACFF0D8-7D5A-423A-A720-7A330D849B1F}.GR-SERVERDEMOS.FundGrube|Any CPU.ActiveCfg = Release|Any CPU
		{7ACFF0D8-7D5A-423A-A720-7A330D849B1F}.GR-SERVERDEMOS.FundGrube|Any CPU.Build.0 = Release|Any CPU
		{7ACFF0D8-7D5A-423A-A720-7A330D849B1F}.GR-SERVERDEMOS.GrupoGea|Any CPU.ActiveCfg = Release|Any CPU
		{7ACFF0D8-7D5A-423A-A720-7A330D849B1F}.GR-SERVERDEMOS.GrupoGea|Any CPU.Build.0 = Release|Any CPU
		{7ACFF0D8-7D5A-423A-A720-7A330D849B1F}.GR-SERVERDEMOS.Ing|Any CPU.ActiveCfg = Release|Any CPU
		{7ACFF0D8-7D5A-423A-A720-7A330D849B1F}.GR-SERVERDEMOS.Ing|Any CPU.Build.0 = Release|Any CPU
		{7ACFF0D8-7D5A-423A-A720-7A330D849B1F}.GR-SERVERDEMOS.LittleKings|Any CPU.ActiveCfg = Release|Any CPU
		{7ACFF0D8-7D5A-423A-A720-7A330D849B1F}.GR-SERVERDEMOS.LittleKings|Any CPU.Build.0 = Release|Any CPU
		{7ACFF0D8-7D5A-423A-A720-7A330D849B1F}.GR-SERVERDEMOS.Mercadona|Any CPU.ActiveCfg = Release|Any CPU
		{7ACFF0D8-7D5A-423A-A720-7A330D849B1F}.GR-SERVERDEMOS.Mercadona|Any CPU.Build.0 = Release|Any CPU
		{7ACFF0D8-7D5A-423A-A720-7A330D849B1F}.GR-SERVERDEMOS.TravelClub|Any CPU.ActiveCfg = Release|Any CPU
		{7ACFF0D8-7D5A-423A-A720-7A330D849B1F}.GR-SERVERDEMOS.TravelClub|Any CPU.Build.0 = Release|Any CPU
		{7ACFF0D8-7D5A-423A-A720-7A330D849B1F}.GR-SERVERDEMOS.VisaCompras|Any CPU.ActiveCfg = Release|Any CPU
		{7ACFF0D8-7D5A-423A-A720-7A330D849B1F}.GR-SERVERDEMOS.VisaCompras|Any CPU.Build.0 = Release|Any CPU
		{7ACFF0D8-7D5A-423A-A720-7A330D849B1F}.GR-SERVERDEMOS.VisaConsum|Any CPU.ActiveCfg = Release|Any CPU
		{7ACFF0D8-7D5A-423A-A720-7A330D849B1F}.GR-SERVERDEMOS.VisaConsum|Any CPU.Build.0 = Release|Any CPU
		{7ACFF0D8-7D5A-423A-A720-7A330D849B1F}.GR-SERVERDEMOS|Any CPU.ActiveCfg = Release|Any CPU
		{7ACFF0D8-7D5A-423A-A720-7A330D849B1F}.GR-SERVERDEMOS|Any CPU.Build.0 = Release|Any CPU
		{7ACFF0D8-7D5A-423A-A720-7A330D849B1F}.GR-SERVERDESA.Affinity|Any CPU.ActiveCfg = Release|Any CPU
		{7ACFF0D8-7D5A-423A-A720-7A330D849B1F}.GR-SERVERDESA.Affinity|Any CPU.Build.0 = Release|Any CPU
		{7ACFF0D8-7D5A-423A-A720-7A330D849B1F}.GR-SERVERDESA.AlsaPlus|Any CPU.ActiveCfg = Release|Any CPU
		{7ACFF0D8-7D5A-423A-A720-7A330D849B1F}.GR-SERVERDESA.AlsaPlus|Any CPU.Build.0 = Release|Any CPU
		{7ACFF0D8-7D5A-423A-A720-7A330D849B1F}.GR-SERVERDESA.Cinesa|Any CPU.ActiveCfg = Release|Any CPU
		{7ACFF0D8-7D5A-423A-A720-7A330D849B1F}.GR-SERVERDESA.Cinesa|Any CPU.Build.0 = Release|Any CPU
		{7ACFF0D8-7D5A-423A-A720-7A330D849B1F}.GR-SERVERDESA.ClubVips|Any CPU.ActiveCfg = Release|Any CPU
		{7ACFF0D8-7D5A-423A-A720-7A330D849B1F}.GR-SERVERDESA.ClubVips|Any CPU.Build.0 = Release|Any CPU
		{7ACFF0D8-7D5A-423A-A720-7A330D849B1F}.GR-SERVERDESA.FundGrube|Any CPU.ActiveCfg = Release|Any CPU
		{7ACFF0D8-7D5A-423A-A720-7A330D849B1F}.GR-SERVERDESA.FundGrube|Any CPU.Build.0 = Release|Any CPU
		{7ACFF0D8-7D5A-423A-A720-7A330D849B1F}.GR-SERVERDESA.GrupoGea|Any CPU.ActiveCfg = Release|Any CPU
		{7ACFF0D8-7D5A-423A-A720-7A330D849B1F}.GR-SERVERDESA.GrupoGea|Any CPU.Build.0 = Release|Any CPU
		{7ACFF0D8-7D5A-423A-A720-7A330D849B1F}.GR-SERVERDESA.Ing|Any CPU.ActiveCfg = Release|Any CPU
		{7ACFF0D8-7D5A-423A-A720-7A330D849B1F}.GR-SERVERDESA.Ing|Any CPU.Build.0 = Release|Any CPU
		{7ACFF0D8-7D5A-423A-A720-7A330D849B1F}.GR-SERVERDESA.LittleKings|Any CPU.ActiveCfg = Release|Any CPU
		{7ACFF0D8-7D5A-423A-A720-7A330D849B1F}.GR-SERVERDESA.LittleKings|Any CPU.Build.0 = Release|Any CPU
		{7ACFF0D8-7D5A-423A-A720-7A330D849B1F}.GR-SERVERDESA.LudiaARQ|Any CPU.ActiveCfg = Release|Any CPU
		{7ACFF0D8-7D5A-423A-A720-7A330D849B1F}.GR-SERVERDESA.LudiaARQ|Any CPU.Build.0 = Release|Any CPU
		{7ACFF0D8-7D5A-423A-A720-7A330D849B1F}.GR-SERVERDESA.Mercadona|Any CPU.ActiveCfg = Release|Any CPU
		{7ACFF0D8-7D5A-423A-A720-7A330D849B1F}.GR-SERVERDESA.Mercadona|Any CPU.Build.0 = Release|Any CPU
		{7ACFF0D8-7D5A-423A-A720-7A330D849B1F}.GR-SERVERDESA.TravelClub|Any CPU.ActiveCfg = Release|Any CPU
		{7ACFF0D8-7D5A-423A-A720-7A330D849B1F}.GR-SERVERDESA.TravelClub|Any CPU.Build.0 = Release|Any CPU
		{7ACFF0D8-7D5A-423A-A720-7A330D849B1F}.GR-SERVERDESA.VisaCompras|Any CPU.ActiveCfg = Release|Any CPU
		{7ACFF0D8-7D5A-423A-A720-7A330D849B1F}.GR-SERVERDESA.VisaCompras|Any CPU.Build.0 = Release|Any CPU
		{7ACFF0D8-7D5A-423A-A720-7A330D849B1F}.GR-SERVERDESA.VisaConsum|Any CPU.ActiveCfg = Release|Any CPU
		{7ACFF0D8-7D5A-423A-A720-7A330D849B1F}.GR-SERVERDESA.VisaConsum|Any CPU.Build.0 = Release|Any CPU
		{7ACFF0D8-7D5A-423A-A720-7A330D849B1F}.GR-SERVERDESA|Any CPU.ActiveCfg = Release|Any CPU
		{7ACFF0D8-7D5A-423A-A720-7A330D849B1F}.GR-SERVERDESA|Any CPU.Build.0 = Release|Any CPU
		{7ACFF0D8-7D5A-423A-A720-7A330D849B1F}.Release|Any CPU.ActiveCfg = Release|Any CPU
		{7ACFF0D8-7D5A-423A-A720-7A330D849B1F}.Release|Any CPU.Build.0 = Release|Any CPU
		{CE1875E0-B3CE-4F48-8F4B-0145AA56503B}.Debug|Any CPU.ActiveCfg = Debug|Any CPU
		{CE1875E0-B3CE-4F48-8F4B-0145AA56503B}.Debug|Any CPU.Build.0 = Debug|Any CPU
		{CE1875E0-B3CE-4F48-8F4B-0145AA56503B}.GR-SERVERDEMOS.Affinity|Any CPU.ActiveCfg = Release|Any CPU
		{CE1875E0-B3CE-4F48-8F4B-0145AA56503B}.GR-SERVERDEMOS.Affinity|Any CPU.Build.0 = Release|Any CPU
		{CE1875E0-B3CE-4F48-8F4B-0145AA56503B}.GR-SERVERDEMOS.AlsaPlus|Any CPU.ActiveCfg = Release|Any CPU
		{CE1875E0-B3CE-4F48-8F4B-0145AA56503B}.GR-SERVERDEMOS.AlsaPlus|Any CPU.Build.0 = Release|Any CPU
		{CE1875E0-B3CE-4F48-8F4B-0145AA56503B}.GR-SERVERDEMOS.ClubVips|Any CPU.ActiveCfg = Release|Any CPU
		{CE1875E0-B3CE-4F48-8F4B-0145AA56503B}.GR-SERVERDEMOS.ClubVips|Any CPU.Build.0 = Release|Any CPU
		{CE1875E0-B3CE-4F48-8F4B-0145AA56503B}.GR-SERVERDEMOS.FundGrube|Any CPU.ActiveCfg = Release|Any CPU
		{CE1875E0-B3CE-4F48-8F4B-0145AA56503B}.GR-SERVERDEMOS.FundGrube|Any CPU.Build.0 = Release|Any CPU
		{CE1875E0-B3CE-4F48-8F4B-0145AA56503B}.GR-SERVERDEMOS.GrupoGea|Any CPU.ActiveCfg = Release|Any CPU
		{CE1875E0-B3CE-4F48-8F4B-0145AA56503B}.GR-SERVERDEMOS.GrupoGea|Any CPU.Build.0 = Release|Any CPU
		{CE1875E0-B3CE-4F48-8F4B-0145AA56503B}.GR-SERVERDEMOS.Ing|Any CPU.ActiveCfg = Release|Any CPU
		{CE1875E0-B3CE-4F48-8F4B-0145AA56503B}.GR-SERVERDEMOS.Ing|Any CPU.Build.0 = Release|Any CPU
		{CE1875E0-B3CE-4F48-8F4B-0145AA56503B}.GR-SERVERDEMOS.LittleKings|Any CPU.ActiveCfg = Release|Any CPU
		{CE1875E0-B3CE-4F48-8F4B-0145AA56503B}.GR-SERVERDEMOS.LittleKings|Any CPU.Build.0 = Release|Any CPU
		{CE1875E0-B3CE-4F48-8F4B-0145AA56503B}.GR-SERVERDEMOS.Mercadona|Any CPU.ActiveCfg = Release|Any CPU
		{CE1875E0-B3CE-4F48-8F4B-0145AA56503B}.GR-SERVERDEMOS.Mercadona|Any CPU.Build.0 = Release|Any CPU
		{CE1875E0-B3CE-4F48-8F4B-0145AA56503B}.GR-SERVERDEMOS.TravelClub|Any CPU.ActiveCfg = Release|Any CPU
		{CE1875E0-B3CE-4F48-8F4B-0145AA56503B}.GR-SERVERDEMOS.TravelClub|Any CPU.Build.0 = Release|Any CPU
		{CE1875E0-B3CE-4F48-8F4B-0145AA56503B}.GR-SERVERDEMOS.VisaCompras|Any CPU.ActiveCfg = Release|Any CPU
		{CE1875E0-B3CE-4F48-8F4B-0145AA56503B}.GR-SERVERDEMOS.VisaCompras|Any CPU.Build.0 = Release|Any CPU
		{CE1875E0-B3CE-4F48-8F4B-0145AA56503B}.GR-SERVERDEMOS.VisaConsum|Any CPU.ActiveCfg = Release|Any CPU
		{CE1875E0-B3CE-4F48-8F4B-0145AA56503B}.GR-SERVERDEMOS.VisaConsum|Any CPU.Build.0 = Release|Any CPU
		{CE1875E0-B3CE-4F48-8F4B-0145AA56503B}.GR-SERVERDEMOS|Any CPU.ActiveCfg = Release|Any CPU
		{CE1875E0-B3CE-4F48-8F4B-0145AA56503B}.GR-SERVERDEMOS|Any CPU.Build.0 = Release|Any CPU
		{CE1875E0-B3CE-4F48-8F4B-0145AA56503B}.GR-SERVERDESA.Affinity|Any CPU.ActiveCfg = Release|Any CPU
		{CE1875E0-B3CE-4F48-8F4B-0145AA56503B}.GR-SERVERDESA.Affinity|Any CPU.Build.0 = Release|Any CPU
		{CE1875E0-B3CE-4F48-8F4B-0145AA56503B}.GR-SERVERDESA.AlsaPlus|Any CPU.ActiveCfg = Release|Any CPU
		{CE1875E0-B3CE-4F48-8F4B-0145AA56503B}.GR-SERVERDESA.AlsaPlus|Any CPU.Build.0 = Release|Any CPU
		{CE1875E0-B3CE-4F48-8F4B-0145AA56503B}.GR-SERVERDESA.Cinesa|Any CPU.ActiveCfg = Release|Any CPU
		{CE1875E0-B3CE-4F48-8F4B-0145AA56503B}.GR-SERVERDESA.Cinesa|Any CPU.Build.0 = Release|Any CPU
		{CE1875E0-B3CE-4F48-8F4B-0145AA56503B}.GR-SERVERDESA.ClubVips|Any CPU.ActiveCfg = Release|Any CPU
		{CE1875E0-B3CE-4F48-8F4B-0145AA56503B}.GR-SERVERDESA.ClubVips|Any CPU.Build.0 = Release|Any CPU
		{CE1875E0-B3CE-4F48-8F4B-0145AA56503B}.GR-SERVERDESA.FundGrube|Any CPU.ActiveCfg = Release|Any CPU
		{CE1875E0-B3CE-4F48-8F4B-0145AA56503B}.GR-SERVERDESA.FundGrube|Any CPU.Build.0 = Release|Any CPU
		{CE1875E0-B3CE-4F48-8F4B-0145AA56503B}.GR-SERVERDESA.GrupoGea|Any CPU.ActiveCfg = Release|Any CPU
		{CE1875E0-B3CE-4F48-8F4B-0145AA56503B}.GR-SERVERDESA.GrupoGea|Any CPU.Build.0 = Release|Any CPU
		{CE1875E0-B3CE-4F48-8F4B-0145AA56503B}.GR-SERVERDESA.Ing|Any CPU.ActiveCfg = Release|Any CPU
		{CE1875E0-B3CE-4F48-8F4B-0145AA56503B}.GR-SERVERDESA.Ing|Any CPU.Build.0 = Release|Any CPU
		{CE1875E0-B3CE-4F48-8F4B-0145AA56503B}.GR-SERVERDESA.LittleKings|Any CPU.ActiveCfg = Release|Any CPU
		{CE1875E0-B3CE-4F48-8F4B-0145AA56503B}.GR-SERVERDESA.LittleKings|Any CPU.Build.0 = Release|Any CPU
		{CE1875E0-B3CE-4F48-8F4B-0145AA56503B}.GR-SERVERDESA.LudiaARQ|Any CPU.ActiveCfg = Release|Any CPU
		{CE1875E0-B3CE-4F48-8F4B-0145AA56503B}.GR-SERVERDESA.LudiaARQ|Any CPU.Build.0 = Release|Any CPU
		{CE1875E0-B3CE-4F48-8F4B-0145AA56503B}.GR-SERVERDESA.Mercadona|Any CPU.ActiveCfg = Release|Any CPU
		{CE1875E0-B3CE-4F48-8F4B-0145AA56503B}.GR-SERVERDESA.Mercadona|Any CPU.Build.0 = Release|Any CPU
		{CE1875E0-B3CE-4F48-8F4B-0145AA56503B}.GR-SERVERDESA.TravelClub|Any CPU.ActiveCfg = Release|Any CPU
		{CE1875E0-B3CE-4F48-8F4B-0145AA56503B}.GR-SERVERDESA.TravelClub|Any CPU.Build.0 = Release|Any CPU
		{CE1875E0-B3CE-4F48-8F4B-0145AA56503B}.GR-SERVERDESA.VisaCompras|Any CPU.ActiveCfg = Release|Any CPU
		{CE1875E0-B3CE-4F48-8F4B-0145AA56503B}.GR-SERVERDESA.VisaCompras|Any CPU.Build.0 = Release|Any CPU
		{CE1875E0-B3CE-4F48-8F4B-0145AA56503B}.GR-SERVERDESA.VisaConsum|Any CPU.ActiveCfg = Release|Any CPU
		{CE1875E0-B3CE-4F48-8F4B-0145AA56503B}.GR-SERVERDESA.VisaConsum|Any CPU.Build.0 = Release|Any CPU
		{CE1875E0-B3CE-4F48-8F4B-0145AA56503B}.GR-SERVERDESA|Any CPU.ActiveCfg = Release|Any CPU
		{CE1875E0-B3CE-4F48-8F4B-0145AA56503B}.GR-SERVERDESA|Any CPU.Build.0 = Release|Any CPU
		{CE1875E0-B3CE-4F48-8F4B-0145AA56503B}.Release|Any CPU.ActiveCfg = Release|Any CPU
		{CE1875E0-B3CE-4F48-8F4B-0145AA56503B}.Release|Any CPU.Build.0 = Release|Any CPU
		{88457550-600A-4135-ADDB-C87955DDDCB7}.Debug|Any CPU.ActiveCfg = Debug|Any CPU
		{88457550-600A-4135-ADDB-C87955DDDCB7}.Debug|Any CPU.Build.0 = Debug|Any CPU
		{88457550-600A-4135-ADDB-C87955DDDCB7}.GR-SERVERDEMOS.Affinity|Any CPU.ActiveCfg = GR-SERVERDEMOS.Affinity|Any CPU
		{88457550-600A-4135-ADDB-C87955DDDCB7}.GR-SERVERDEMOS.Affinity|Any CPU.Build.0 = GR-SERVERDEMOS.Affinity|Any CPU
		{88457550-600A-4135-ADDB-C87955DDDCB7}.GR-SERVERDEMOS.AlsaPlus|Any CPU.ActiveCfg = GR-SERVERDEMOS.AlsaPlus|Any CPU
		{88457550-600A-4135-ADDB-C87955DDDCB7}.GR-SERVERDEMOS.AlsaPlus|Any CPU.Build.0 = GR-SERVERDEMOS.AlsaPlus|Any CPU
		{88457550-600A-4135-ADDB-C87955DDDCB7}.GR-SERVERDEMOS.ClubVips|Any CPU.ActiveCfg = GR-SERVERDEMOS.ClubVips|Any CPU
		{88457550-600A-4135-ADDB-C87955DDDCB7}.GR-SERVERDEMOS.ClubVips|Any CPU.Build.0 = GR-SERVERDEMOS.ClubVips|Any CPU
		{88457550-600A-4135-ADDB-C87955DDDCB7}.GR-SERVERDEMOS.FundGrube|Any CPU.ActiveCfg = GR-SERVERDEMOS.FundGrube|Any CPU
		{88457550-600A-4135-ADDB-C87955DDDCB7}.GR-SERVERDEMOS.FundGrube|Any CPU.Build.0 = GR-SERVERDEMOS.FundGrube|Any CPU
		{88457550-600A-4135-ADDB-C87955DDDCB7}.GR-SERVERDEMOS.GrupoGea|Any CPU.ActiveCfg = GR-SERVERDEMOS.GrupoGea|Any CPU
		{88457550-600A-4135-ADDB-C87955DDDCB7}.GR-SERVERDEMOS.GrupoGea|Any CPU.Build.0 = GR-SERVERDEMOS.GrupoGea|Any CPU
		{88457550-600A-4135-ADDB-C87955DDDCB7}.GR-SERVERDEMOS.Ing|Any CPU.ActiveCfg = GR-SERVERDEMOS.Ing|Any CPU
		{88457550-600A-4135-ADDB-C87955DDDCB7}.GR-SERVERDEMOS.Ing|Any CPU.Build.0 = GR-SERVERDEMOS.Ing|Any CPU
		{88457550-600A-4135-ADDB-C87955DDDCB7}.GR-SERVERDEMOS.LittleKings|Any CPU.ActiveCfg = GR-SERVERDEMOS.LittleKings|Any CPU
		{88457550-600A-4135-ADDB-C87955DDDCB7}.GR-SERVERDEMOS.LittleKings|Any CPU.Build.0 = GR-SERVERDEMOS.LittleKings|Any CPU
		{88457550-600A-4135-ADDB-C87955DDDCB7}.GR-SERVERDEMOS.Mercadona|Any CPU.ActiveCfg = GR-SERVERDEMOS.Mercadona|Any CPU
		{88457550-600A-4135-ADDB-C87955DDDCB7}.GR-SERVERDEMOS.Mercadona|Any CPU.Build.0 = GR-SERVERDEMOS.Mercadona|Any CPU
		{88457550-600A-4135-ADDB-C87955DDDCB7}.GR-SERVERDEMOS.TravelClub|Any CPU.ActiveCfg = GR-SERVERDEMOS.TravelClub|Any CPU
		{88457550-600A-4135-ADDB-C87955DDDCB7}.GR-SERVERDEMOS.TravelClub|Any CPU.Build.0 = GR-SERVERDEMOS.TravelClub|Any CPU
		{88457550-600A-4135-ADDB-C87955DDDCB7}.GR-SERVERDEMOS.VisaCompras|Any CPU.ActiveCfg = GR-SERVERDEMOS.VisaCompras|Any CPU
		{88457550-600A-4135-ADDB-C87955DDDCB7}.GR-SERVERDEMOS.VisaCompras|Any CPU.Build.0 = GR-SERVERDEMOS.VisaCompras|Any CPU
		{88457550-600A-4135-ADDB-C87955DDDCB7}.GR-SERVERDEMOS.VisaConsum|Any CPU.ActiveCfg = GR-SERVERDEMOS.VisaConsum|Any CPU
		{88457550-600A-4135-ADDB-C87955DDDCB7}.GR-SERVERDEMOS.VisaConsum|Any CPU.Build.0 = GR-SERVERDEMOS.VisaConsum|Any CPU
		{88457550-600A-4135-ADDB-C87955DDDCB7}.GR-SERVERDEMOS|Any CPU.ActiveCfg = GR-SERVERDEMOS|Any CPU
		{88457550-600A-4135-ADDB-C87955DDDCB7}.GR-SERVERDEMOS|Any CPU.Build.0 = GR-SERVERDEMOS|Any CPU
		{88457550-600A-4135-ADDB-C87955DDDCB7}.GR-SERVERDESA.Affinity|Any CPU.ActiveCfg = GR-SERVERDESA.Affinity|Any CPU
		{88457550-600A-4135-ADDB-C87955DDDCB7}.GR-SERVERDESA.Affinity|Any CPU.Build.0 = GR-SERVERDESA.Affinity|Any CPU
		{88457550-600A-4135-ADDB-C87955DDDCB7}.GR-SERVERDESA.AlsaPlus|Any CPU.ActiveCfg = GR-SERVERDESA.AlsaPlus|Any CPU
		{88457550-600A-4135-ADDB-C87955DDDCB7}.GR-SERVERDESA.AlsaPlus|Any CPU.Build.0 = GR-SERVERDESA.AlsaPlus|Any CPU
		{88457550-600A-4135-ADDB-C87955DDDCB7}.GR-SERVERDESA.Cinesa|Any CPU.ActiveCfg = GR-SERVERDESA.Cinesa|Any CPU
		{88457550-600A-4135-ADDB-C87955DDDCB7}.GR-SERVERDESA.Cinesa|Any CPU.Build.0 = GR-SERVERDESA.Cinesa|Any CPU
		{88457550-600A-4135-ADDB-C87955DDDCB7}.GR-SERVERDESA.ClubVips|Any CPU.ActiveCfg = GR-SERVERDESA.ClubVips|Any CPU
		{88457550-600A-4135-ADDB-C87955DDDCB7}.GR-SERVERDESA.ClubVips|Any CPU.Build.0 = GR-SERVERDESA.ClubVips|Any CPU
		{88457550-600A-4135-ADDB-C87955DDDCB7}.GR-SERVERDESA.FundGrube|Any CPU.ActiveCfg = GR-SERVERDESA.FundGrube|Any CPU
		{88457550-600A-4135-ADDB-C87955DDDCB7}.GR-SERVERDESA.FundGrube|Any CPU.Build.0 = GR-SERVERDESA.FundGrube|Any CPU
		{88457550-600A-4135-ADDB-C87955DDDCB7}.GR-SERVERDESA.GrupoGea|Any CPU.ActiveCfg = GR-SERVERDESA.GrupoGea|Any CPU
		{88457550-600A-4135-ADDB-C87955DDDCB7}.GR-SERVERDESA.GrupoGea|Any CPU.Build.0 = GR-SERVERDESA.GrupoGea|Any CPU
		{88457550-600A-4135-ADDB-C87955DDDCB7}.GR-SERVERDESA.Ing|Any CPU.ActiveCfg = GR-SERVERDESA.Ing|Any CPU
		{88457550-600A-4135-ADDB-C87955DDDCB7}.GR-SERVERDESA.Ing|Any CPU.Build.0 = GR-SERVERDESA.Ing|Any CPU
		{88457550-600A-4135-ADDB-C87955DDDCB7}.GR-SERVERDESA.LittleKings|Any CPU.ActiveCfg = GR-SERVERDESA.LittleKings|Any CPU
		{88457550-600A-4135-ADDB-C87955DDDCB7}.GR-SERVERDESA.LittleKings|Any CPU.Build.0 = GR-SERVERDESA.LittleKings|Any CPU
		{88457550-600A-4135-ADDB-C87955DDDCB7}.GR-SERVERDESA.LudiaARQ|Any CPU.ActiveCfg = GR-SERVERDESA.LudiaARQ|Any CPU
		{88457550-600A-4135-ADDB-C87955DDDCB7}.GR-SERVERDESA.LudiaARQ|Any CPU.Build.0 = GR-SERVERDESA.LudiaARQ|Any CPU
		{88457550-600A-4135-ADDB-C87955DDDCB7}.GR-SERVERDESA.Mercadona|Any CPU.ActiveCfg = GR-SERVERDESA.Mercadona|Any CPU
		{88457550-600A-4135-ADDB-C87955DDDCB7}.GR-SERVERDESA.Mercadona|Any CPU.Build.0 = GR-SERVERDESA.Mercadona|Any CPU
		{88457550-600A-4135-ADDB-C87955DDDCB7}.GR-SERVERDESA.TravelClub|Any CPU.ActiveCfg = GR-SERVERDESA.TravelClub|Any CPU
		{88457550-600A-4135-ADDB-C87955DDDCB7}.GR-SERVERDESA.TravelClub|Any CPU.Build.0 = GR-SERVERDESA.TravelClub|Any CPU
		{88457550-600A-4135-ADDB-C87955DDDCB7}.GR-SERVERDESA.VisaCompras|Any CPU.ActiveCfg = GR-SERVERDESA.VisaCompras|Any CPU
		{88457550-600A-4135-ADDB-C87955DDDCB7}.GR-SERVERDESA.VisaCompras|Any CPU.Build.0 = GR-SERVERDESA.VisaCompras|Any CPU
		{88457550-600A-4135-ADDB-C87955DDDCB7}.GR-SERVERDESA.VisaConsum|Any CPU.ActiveCfg = GR-SERVERDESA.VisaConsum|Any CPU
		{88457550-600A-4135-ADDB-C87955DDDCB7}.GR-SERVERDESA.VisaConsum|Any CPU.Build.0 = GR-SERVERDESA.VisaConsum|Any CPU
		{88457550-600A-4135-ADDB-C87955DDDCB7}.GR-SERVERDESA|Any CPU.ActiveCfg = GR-SERVERDESA|Any CPU
		{88457550-600A-4135-ADDB-C87955DDDCB7}.GR-SERVERDESA|Any CPU.Build.0 = GR-SERVERDESA|Any CPU
		{88457550-600A-4135-ADDB-C87955DDDCB7}.Release|Any CPU.ActiveCfg = Release|Any CPU
		{88457550-600A-4135-ADDB-C87955DDDCB7}.Release|Any CPU.Build.0 = Release|Any CPU
		{BD76054D-D26E-484B-86B4-2A6080195DE8}.Debug|Any CPU.ActiveCfg = Debug|Any CPU
		{BD76054D-D26E-484B-86B4-2A6080195DE8}.Debug|Any CPU.Build.0 = Debug|Any CPU
		{BD76054D-D26E-484B-86B4-2A6080195DE8}.GR-SERVERDEMOS.Affinity|Any CPU.ActiveCfg = GR-SERVERDEMOS.Affinity|Any CPU
		{BD76054D-D26E-484B-86B4-2A6080195DE8}.GR-SERVERDEMOS.Affinity|Any CPU.Build.0 = GR-SERVERDEMOS.Affinity|Any CPU
		{BD76054D-D26E-484B-86B4-2A6080195DE8}.GR-SERVERDEMOS.AlsaPlus|Any CPU.ActiveCfg = GR-SERVERDEMOS.AlsaPlus|Any CPU
		{BD76054D-D26E-484B-86B4-2A6080195DE8}.GR-SERVERDEMOS.AlsaPlus|Any CPU.Build.0 = GR-SERVERDEMOS.AlsaPlus|Any CPU
		{BD76054D-D26E-484B-86B4-2A6080195DE8}.GR-SERVERDEMOS.ClubVips|Any CPU.ActiveCfg = GR-SERVERDEMOS.ClubVips|Any CPU
		{BD76054D-D26E-484B-86B4-2A6080195DE8}.GR-SERVERDEMOS.ClubVips|Any CPU.Build.0 = GR-SERVERDEMOS.ClubVips|Any CPU
		{BD76054D-D26E-484B-86B4-2A6080195DE8}.GR-SERVERDEMOS.FundGrube|Any CPU.ActiveCfg = GR-SERVERDEMOS.FundGrube|Any CPU
		{BD76054D-D26E-484B-86B4-2A6080195DE8}.GR-SERVERDEMOS.FundGrube|Any CPU.Build.0 = GR-SERVERDEMOS.FundGrube|Any CPU
		{BD76054D-D26E-484B-86B4-2A6080195DE8}.GR-SERVERDEMOS.GrupoGea|Any CPU.ActiveCfg = GR-SERVERDEMOS.GrupoGea|Any CPU
		{BD76054D-D26E-484B-86B4-2A6080195DE8}.GR-SERVERDEMOS.GrupoGea|Any CPU.Build.0 = GR-SERVERDEMOS.GrupoGea|Any CPU
		{BD76054D-D26E-484B-86B4-2A6080195DE8}.GR-SERVERDEMOS.Ing|Any CPU.ActiveCfg = GR-SERVERDEMOS.Ing|Any CPU
		{BD76054D-D26E-484B-86B4-2A6080195DE8}.GR-SERVERDEMOS.Ing|Any CPU.Build.0 = GR-SERVERDEMOS.Ing|Any CPU
		{BD76054D-D26E-484B-86B4-2A6080195DE8}.GR-SERVERDEMOS.LittleKings|Any CPU.ActiveCfg = GR-SERVERDEMOS.LittleKings|Any CPU
		{BD76054D-D26E-484B-86B4-2A6080195DE8}.GR-SERVERDEMOS.LittleKings|Any CPU.Build.0 = GR-SERVERDEMOS.LittleKings|Any CPU
		{BD76054D-D26E-484B-86B4-2A6080195DE8}.GR-SERVERDEMOS.Mercadona|Any CPU.ActiveCfg = GR-SERVERDEMOS.Mercadona|Any CPU
		{BD76054D-D26E-484B-86B4-2A6080195DE8}.GR-SERVERDEMOS.Mercadona|Any CPU.Build.0 = GR-SERVERDEMOS.Mercadona|Any CPU
		{BD76054D-D26E-484B-86B4-2A6080195DE8}.GR-SERVERDEMOS.TravelClub|Any CPU.ActiveCfg = GR-SERVERDEMOS.TravelClub|Any CPU
		{BD76054D-D26E-484B-86B4-2A6080195DE8}.GR-SERVERDEMOS.TravelClub|Any CPU.Build.0 = GR-SERVERDEMOS.TravelClub|Any CPU
		{BD76054D-D26E-484B-86B4-2A6080195DE8}.GR-SERVERDEMOS.VisaCompras|Any CPU.ActiveCfg = GR-SERVERDEMOS.VisaCompras|Any CPU
		{BD76054D-D26E-484B-86B4-2A6080195DE8}.GR-SERVERDEMOS.VisaCompras|Any CPU.Build.0 = GR-SERVERDEMOS.VisaCompras|Any CPU
		{BD76054D-D26E-484B-86B4-2A6080195DE8}.GR-SERVERDEMOS.VisaConsum|Any CPU.ActiveCfg = GR-SERVERDEMOS.VisaConsum|Any CPU
		{BD76054D-D26E-484B-86B4-2A6080195DE8}.GR-SERVERDEMOS.VisaConsum|Any CPU.Build.0 = GR-SERVERDEMOS.VisaConsum|Any CPU
		{BD76054D-D26E-484B-86B4-2A6080195DE8}.GR-SERVERDEMOS|Any CPU.ActiveCfg = GR-SERVERDEMOS|Any CPU
		{BD76054D-D26E-484B-86B4-2A6080195DE8}.GR-SERVERDEMOS|Any CPU.Build.0 = GR-SERVERDEMOS|Any CPU
		{BD76054D-D26E-484B-86B4-2A6080195DE8}.GR-SERVERDESA.Affinity|Any CPU.ActiveCfg = GR-SERVERDESA.Affinity|Any CPU
		{BD76054D-D26E-484B-86B4-2A6080195DE8}.GR-SERVERDESA.Affinity|Any CPU.Build.0 = GR-SERVERDESA.Affinity|Any CPU
		{BD76054D-D26E-484B-86B4-2A6080195DE8}.GR-SERVERDESA.AlsaPlus|Any CPU.ActiveCfg = GR-SERVERDESA.AlsaPlus|Any CPU
		{BD76054D-D26E-484B-86B4-2A6080195DE8}.GR-SERVERDESA.AlsaPlus|Any CPU.Build.0 = GR-SERVERDESA.AlsaPlus|Any CPU
		{BD76054D-D26E-484B-86B4-2A6080195DE8}.GR-SERVERDESA.Cinesa|Any CPU.ActiveCfg = GR-SERVERDESA.Cinesa|Any CPU
		{BD76054D-D26E-484B-86B4-2A6080195DE8}.GR-SERVERDESA.Cinesa|Any CPU.Build.0 = GR-SERVERDESA.Cinesa|Any CPU
		{BD76054D-D26E-484B-86B4-2A6080195DE8}.GR-SERVERDESA.ClubVips|Any CPU.ActiveCfg = GR-SERVERDESA.ClubVips|Any CPU
		{BD76054D-D26E-484B-86B4-2A6080195DE8}.GR-SERVERDESA.ClubVips|Any CPU.Build.0 = GR-SERVERDESA.ClubVips|Any CPU
		{BD76054D-D26E-484B-86B4-2A6080195DE8}.GR-SERVERDESA.FundGrube|Any CPU.ActiveCfg = GR-SERVERDESA.FundGrube|Any CPU
		{BD76054D-D26E-484B-86B4-2A6080195DE8}.GR-SERVERDESA.FundGrube|Any CPU.Build.0 = GR-SERVERDESA.FundGrube|Any CPU
		{BD76054D-D26E-484B-86B4-2A6080195DE8}.GR-SERVERDESA.GrupoGea|Any CPU.ActiveCfg = GR-SERVERDESA.GrupoGea|Any CPU
		{BD76054D-D26E-484B-86B4-2A6080195DE8}.GR-SERVERDESA.GrupoGea|Any CPU.Build.0 = GR-SERVERDESA.GrupoGea|Any CPU
		{BD76054D-D26E-484B-86B4-2A6080195DE8}.GR-SERVERDESA.Ing|Any CPU.ActiveCfg = GR-SERVERDESA.Ing|Any CPU
		{BD76054D-D26E-484B-86B4-2A6080195DE8}.GR-SERVERDESA.Ing|Any CPU.Build.0 = GR-SERVERDESA.Ing|Any CPU
		{BD76054D-D26E-484B-86B4-2A6080195DE8}.GR-SERVERDESA.LittleKings|Any CPU.ActiveCfg = GR-SERVERDESA.LittleKings|Any CPU
		{BD76054D-D26E-484B-86B4-2A6080195DE8}.GR-SERVERDESA.LittleKings|Any CPU.Build.0 = GR-SERVERDESA.LittleKings|Any CPU
		{BD76054D-D26E-484B-86B4-2A6080195DE8}.GR-SERVERDESA.LudiaARQ|Any CPU.ActiveCfg = GR-SERVERDESA.LudiaARQ|Any CPU
		{BD76054D-D26E-484B-86B4-2A6080195DE8}.GR-SERVERDESA.LudiaARQ|Any CPU.Build.0 = GR-SERVERDESA.LudiaARQ|Any CPU
		{BD76054D-D26E-484B-86B4-2A6080195DE8}.GR-SERVERDESA.Mercadona|Any CPU.ActiveCfg = GR-SERVERDESA.Mercadona|Any CPU
		{BD76054D-D26E-484B-86B4-2A6080195DE8}.GR-SERVERDESA.Mercadona|Any CPU.Build.0 = GR-SERVERDESA.Mercadona|Any CPU
		{BD76054D-D26E-484B-86B4-2A6080195DE8}.GR-SERVERDESA.TravelClub|Any CPU.ActiveCfg = GR-SERVERDESA.TravelClub|Any CPU
		{BD76054D-D26E-484B-86B4-2A6080195DE8}.GR-SERVERDESA.TravelClub|Any CPU.Build.0 = GR-SERVERDESA.TravelClub|Any CPU
		{BD76054D-D26E-484B-86B4-2A6080195DE8}.GR-SERVERDESA.VisaCompras|Any CPU.ActiveCfg = GR-SERVERDESA.VisaCompras|Any CPU
		{BD76054D-D26E-484B-86B4-2A6080195DE8}.GR-SERVERDESA.VisaCompras|Any CPU.Build.0 = GR-SERVERDESA.VisaCompras|Any CPU
		{BD76054D-D26E-484B-86B4-2A6080195DE8}.GR-SERVERDESA.VisaConsum|Any CPU.ActiveCfg = GR-SERVERDESA.VisaConsum|Any CPU
		{BD76054D-D26E-484B-86B4-2A6080195DE8}.GR-SERVERDESA.VisaConsum|Any CPU.Build.0 = GR-SERVERDESA.VisaConsum|Any CPU
		{BD76054D-D26E-484B-86B4-2A6080195DE8}.GR-SERVERDESA|Any CPU.ActiveCfg = GR-SERVERDESA|Any CPU
		{BD76054D-D26E-484B-86B4-2A6080195DE8}.GR-SERVERDESA|Any CPU.Build.0 = GR-SERVERDESA|Any CPU
		{BD76054D-D26E-484B-86B4-2A6080195DE8}.Release|Any CPU.ActiveCfg = Release|Any CPU
		{BD76054D-D26E-484B-86B4-2A6080195DE8}.Release|Any CPU.Build.0 = Release|Any CPU
		{1A9F78F7-830E-4182-A81F-1D2CBC66947C}.Debug|Any CPU.ActiveCfg = Debug|Any CPU
		{1A9F78F7-830E-4182-A81F-1D2CBC66947C}.Debug|Any CPU.Build.0 = Debug|Any CPU
		{1A9F78F7-830E-4182-A81F-1D2CBC66947C}.GR-SERVERDEMOS.Affinity|Any CPU.ActiveCfg = GR-SERVERDEMOS.Affinity|Any CPU
		{1A9F78F7-830E-4182-A81F-1D2CBC66947C}.GR-SERVERDEMOS.Affinity|Any CPU.Build.0 = GR-SERVERDEMOS.Affinity|Any CPU
		{1A9F78F7-830E-4182-A81F-1D2CBC66947C}.GR-SERVERDEMOS.AlsaPlus|Any CPU.ActiveCfg = GR-SERVERDEMOS.AlsaPlus|Any CPU
		{1A9F78F7-830E-4182-A81F-1D2CBC66947C}.GR-SERVERDEMOS.AlsaPlus|Any CPU.Build.0 = GR-SERVERDEMOS.AlsaPlus|Any CPU
		{1A9F78F7-830E-4182-A81F-1D2CBC66947C}.GR-SERVERDEMOS.ClubVips|Any CPU.ActiveCfg = GR-SERVERDEMOS.ClubVips|Any CPU
		{1A9F78F7-830E-4182-A81F-1D2CBC66947C}.GR-SERVERDEMOS.ClubVips|Any CPU.Build.0 = GR-SERVERDEMOS.ClubVips|Any CPU
		{1A9F78F7-830E-4182-A81F-1D2CBC66947C}.GR-SERVERDEMOS.FundGrube|Any CPU.ActiveCfg = GR-SERVERDEMOS.FundGrube|Any CPU
		{1A9F78F7-830E-4182-A81F-1D2CBC66947C}.GR-SERVERDEMOS.FundGrube|Any CPU.Build.0 = GR-SERVERDEMOS.FundGrube|Any CPU
		{1A9F78F7-830E-4182-A81F-1D2CBC66947C}.GR-SERVERDEMOS.GrupoGea|Any CPU.ActiveCfg = GR-SERVERDEMOS.GrupoGea|Any CPU
		{1A9F78F7-830E-4182-A81F-1D2CBC66947C}.GR-SERVERDEMOS.GrupoGea|Any CPU.Build.0 = GR-SERVERDEMOS.GrupoGea|Any CPU
		{1A9F78F7-830E-4182-A81F-1D2CBC66947C}.GR-SERVERDEMOS.Ing|Any CPU.ActiveCfg = GR-SERVERDEMOS.Ing|Any CPU
		{1A9F78F7-830E-4182-A81F-1D2CBC66947C}.GR-SERVERDEMOS.Ing|Any CPU.Build.0 = GR-SERVERDEMOS.Ing|Any CPU
		{1A9F78F7-830E-4182-A81F-1D2CBC66947C}.GR-SERVERDEMOS.LittleKings|Any CPU.ActiveCfg = GR-SERVERDEMOS.LittleKings|Any CPU
		{1A9F78F7-830E-4182-A81F-1D2CBC66947C}.GR-SERVERDEMOS.LittleKings|Any CPU.Build.0 = GR-SERVERDEMOS.LittleKings|Any CPU
		{1A9F78F7-830E-4182-A81F-1D2CBC66947C}.GR-SERVERDEMOS.Mercadona|Any CPU.ActiveCfg = GR-SERVERDEMOS.Mercadona|Any CPU
		{1A9F78F7-830E-4182-A81F-1D2CBC66947C}.GR-SERVERDEMOS.Mercadona|Any CPU.Build.0 = GR-SERVERDEMOS.Mercadona|Any CPU
		{1A9F78F7-830E-4182-A81F-1D2CBC66947C}.GR-SERVERDEMOS.TravelClub|Any CPU.ActiveCfg = GR-SERVERDEMOS.TravelClub|Any CPU
		{1A9F78F7-830E-4182-A81F-1D2CBC66947C}.GR-SERVERDEMOS.TravelClub|Any CPU.Build.0 = GR-SERVERDEMOS.TravelClub|Any CPU
		{1A9F78F7-830E-4182-A81F-1D2CBC66947C}.GR-SERVERDEMOS.VisaCompras|Any CPU.ActiveCfg = GR-SERVERDEMOS.VisaCompras|Any CPU
		{1A9F78F7-830E-4182-A81F-1D2CBC66947C}.GR-SERVERDEMOS.VisaCompras|Any CPU.Build.0 = GR-SERVERDEMOS.VisaCompras|Any CPU
		{1A9F78F7-830E-4182-A81F-1D2CBC66947C}.GR-SERVERDEMOS.VisaConsum|Any CPU.ActiveCfg = GR-SERVERDEMOS.VisaConsum|Any CPU
		{1A9F78F7-830E-4182-A81F-1D2CBC66947C}.GR-SERVERDEMOS.VisaConsum|Any CPU.Build.0 = GR-SERVERDEMOS.VisaConsum|Any CPU
		{1A9F78F7-830E-4182-A81F-1D2CBC66947C}.GR-SERVERDEMOS|Any CPU.ActiveCfg = GR-SERVERDEMOS|Any CPU
		{1A9F78F7-830E-4182-A81F-1D2CBC66947C}.GR-SERVERDEMOS|Any CPU.Build.0 = GR-SERVERDEMOS|Any CPU
		{1A9F78F7-830E-4182-A81F-1D2CBC66947C}.GR-SERVERDESA.Affinity|Any CPU.ActiveCfg = GR-SERVERDESA.Affinity|Any CPU
		{1A9F78F7-830E-4182-A81F-1D2CBC66947C}.GR-SERVERDESA.Affinity|Any CPU.Build.0 = GR-SERVERDESA.Affinity|Any CPU
		{1A9F78F7-830E-4182-A81F-1D2CBC66947C}.GR-SERVERDESA.AlsaPlus|Any CPU.ActiveCfg = GR-SERVERDESA.AlsaPlus|Any CPU
		{1A9F78F7-830E-4182-A81F-1D2CBC66947C}.GR-SERVERDESA.AlsaPlus|Any CPU.Build.0 = GR-SERVERDESA.AlsaPlus|Any CPU
		{1A9F78F7-830E-4182-A81F-1D2CBC66947C}.GR-SERVERDESA.Cinesa|Any CPU.ActiveCfg = GR-SERVERDESA.Cinesa|Any CPU
		{1A9F78F7-830E-4182-A81F-1D2CBC66947C}.GR-SERVERDESA.Cinesa|Any CPU.Build.0 = GR-SERVERDESA.Cinesa|Any CPU
		{1A9F78F7-830E-4182-A81F-1D2CBC66947C}.GR-SERVERDESA.ClubVips|Any CPU.ActiveCfg = GR-SERVERDESA.ClubVips|Any CPU
		{1A9F78F7-830E-4182-A81F-1D2CBC66947C}.GR-SERVERDESA.ClubVips|Any CPU.Build.0 = GR-SERVERDESA.ClubVips|Any CPU
		{1A9F78F7-830E-4182-A81F-1D2CBC66947C}.GR-SERVERDESA.FundGrube|Any CPU.ActiveCfg = GR-SERVERDESA.FundGrube|Any CPU
		{1A9F78F7-830E-4182-A81F-1D2CBC66947C}.GR-SERVERDESA.FundGrube|Any CPU.Build.0 = GR-SERVERDESA.FundGrube|Any CPU
		{1A9F78F7-830E-4182-A81F-1D2CBC66947C}.GR-SERVERDESA.GrupoGea|Any CPU.ActiveCfg = GR-SERVERDESA.GrupoGea|Any CPU
		{1A9F78F7-830E-4182-A81F-1D2CBC66947C}.GR-SERVERDESA.GrupoGea|Any CPU.Build.0 = GR-SERVERDESA.GrupoGea|Any CPU
		{1A9F78F7-830E-4182-A81F-1D2CBC66947C}.GR-SERVERDESA.Ing|Any CPU.ActiveCfg = GR-SERVERDESA.Ing|Any CPU
		{1A9F78F7-830E-4182-A81F-1D2CBC66947C}.GR-SERVERDESA.Ing|Any CPU.Build.0 = GR-SERVERDESA.Ing|Any CPU
		{1A9F78F7-830E-4182-A81F-1D2CBC66947C}.GR-SERVERDESA.LittleKings|Any CPU.ActiveCfg = GR-SERVERDESA.LittleKings|Any CPU
		{1A9F78F7-830E-4182-A81F-1D2CBC66947C}.GR-SERVERDESA.LittleKings|Any CPU.Build.0 = GR-SERVERDESA.LittleKings|Any CPU
		{1A9F78F7-830E-4182-A81F-1D2CBC66947C}.GR-SERVERDESA.LudiaARQ|Any CPU.ActiveCfg = GR-SERVERDESA.LudiaARQ|Any CPU
		{1A9F78F7-830E-4182-A81F-1D2CBC66947C}.GR-SERVERDESA.LudiaARQ|Any CPU.Build.0 = GR-SERVERDESA.LudiaARQ|Any CPU
		{1A9F78F7-830E-4182-A81F-1D2CBC66947C}.GR-SERVERDESA.Mercadona|Any CPU.ActiveCfg = GR-SERVERDESA.Mercadona|Any CPU
		{1A9F78F7-830E-4182-A81F-1D2CBC66947C}.GR-SERVERDESA.Mercadona|Any CPU.Build.0 = GR-SERVERDESA.Mercadona|Any CPU
		{1A9F78F7-830E-4182-A81F-1D2CBC66947C}.GR-SERVERDESA.TravelClub|Any CPU.ActiveCfg = GR-SERVERDESA.TravelClub|Any CPU
		{1A9F78F7-830E-4182-A81F-1D2CBC66947C}.GR-SERVERDESA.TravelClub|Any CPU.Build.0 = GR-SERVERDESA.TravelClub|Any CPU
		{1A9F78F7-830E-4182-A81F-1D2CBC66947C}.GR-SERVERDESA.VisaCompras|Any CPU.ActiveCfg = GR-SERVERDESA.VisaCompras|Any CPU
		{1A9F78F7-830E-4182-A81F-1D2CBC66947C}.GR-SERVERDESA.VisaCompras|Any CPU.Build.0 = GR-SERVERDESA.VisaCompras|Any CPU
		{1A9F78F7-830E-4182-A81F-1D2CBC66947C}.GR-SERVERDESA.VisaConsum|Any CPU.ActiveCfg = GR-SERVERDESA.VisaConsum|Any CPU
		{1A9F78F7-830E-4182-A81F-1D2CBC66947C}.GR-SERVERDESA.VisaConsum|Any CPU.Build.0 = GR-SERVERDESA.VisaConsum|Any CPU
		{1A9F78F7-830E-4182-A81F-1D2CBC66947C}.GR-SERVERDESA|Any CPU.ActiveCfg = GR-SERVERDESA|Any CPU
		{1A9F78F7-830E-4182-A81F-1D2CBC66947C}.GR-SERVERDESA|Any CPU.Build.0 = GR-SERVERDESA|Any CPU
		{1A9F78F7-830E-4182-A81F-1D2CBC66947C}.Release|Any CPU.ActiveCfg = Release|Any CPU
		{1A9F78F7-830E-4182-A81F-1D2CBC66947C}.Release|Any CPU.Build.0 = Release|Any CPU
	EndGlobalSection
	GlobalSection(SolutionProperties) = preSolution
		HideSolutionNode = FALSE
	EndGlobalSection
	GlobalSection(NestedProjects) = preSolution
		{7ACFF0D8-7D5A-423A-A720-7A330D849B1F} = {742E3E0A-B7E1-4228-B173-72787EA95607}
		{CE1875E0-B3CE-4F48-8F4B-0145AA56503B} = {2C1C507B-A2BC-4816-BBEA-851CA48D79CE}
		{88457550-600A-4135-ADDB-C87955DDDCB7} = {249C4314-5032-4F40-9680-8640E67D5CFD}
		{BD76054D-D26E-484B-86B4-2A6080195DE8} = {129DD218-D0FA-4613-B99A-308E6B2866F4}
		{1A9F78F7-830E-4182-A81F-1D2CBC66947C} = {1333D537-D398-478A-8958-450B332C463B}
	EndGlobalSection
EndGlobal
